
Microsoft Visual Studio Solution File, Format Version 12.00
# Visual Studio Version 16
VisualStudioVersion = 16.0.30523.141
MinimumVisualStudioVersion = 10.0.40219.1
Project("{FAE04EC0-301F-11D3-BF4B-00C04F79EFBC}") = "PromotionEngine", "PromotionEngine\PromotionEngine.csproj", "{16E98E91-3007-4B44-A5D3-926922BFDB26}"
EndProject
Project("{FAE04EC0-301F-11D3-BF4B-00C04F79EFBC}") = "CartServiceTest", "CartServiceTest\CartServiceTest.csproj", "{FF727A4B-B532-4463-9D83-FADE150991C2}"
EndProject
Global
	GlobalSection(SolutionConfigurationPlatforms) = preSolution
		Debug|Any CPU = Debug|Any CPU
		Release|Any CPU = Release|Any CPU
	EndGlobalSection
	GlobalSection(ProjectConfigurationPlatforms) = postSolution
		{16E98E91-3007-4B44-A5D3-926922BFDB26}.Debug|Any CPU.ActiveCfg = Debug|Any CPU
		{16E98E91-3007-4B44-A5D3-926922BFDB26}.Debug|Any CPU.Build.0 = Debug|Any CPU
		{16E98E91-3007-4B44-A5D3-926922BFDB26}.Release|Any CPU.ActiveCfg = Release|Any CPU
		{16E98E91-3007-4B44-A5D3-926922BFDB26}.Release|Any CPU.Build.0 = Release|Any CPU
		{FF727A4B-B532-4463-9D83-FADE150991C2}.Debug|Any CPU.ActiveCfg = Debug|Any CPU
		{FF727A4B-B532-4463-9D83-FADE150991C2}.Debug|Any CPU.Build.0 = Debug|Any CPU
		{FF727A4B-B532-4463-9D83-FADE150991C2}.Release|Any CPU.ActiveCfg = Release|Any CPU
		{FF727A4B-B532-4463-9D83-FADE150991C2}.Release|Any CPU.Build.0 = Release|Any CPU
	EndGlobalSection
	GlobalSection(SolutionProperties) = preSolution
		HideSolutionNode = FALSE
	EndGlobalSection
	GlobalSection(ExtensibilityGlobals) = postSolution
		SolutionGuid = {424DDA69-3BA4-4854-9E6C-79ADA89D78EF}
	EndGlobalSection
EndGlobal
